// !$*UTF8*$!
{
	archiveVersion = 1;
	classes = {
	};
	objectVersion = 51;
	objects = {

/* Begin PBXBuildFile section */
		9470D4DC258A4B89001F6B66 /* GoogleService-Info.plist in Resources */ = {isa = PBXBuildFile; fileRef = 9470D4DB258A4B89001F6B66 /* GoogleService-Info.plist */; };
		94A6A7D12578FAD4004CD50F /* LoginViewController.swift in Sources */ = {isa = PBXBuildFile; fileRef = 94A6A7D02578FAD4004CD50F /* LoginViewController.swift */; };
		94A6A7D42578FB49004CD50F /* RegisterViewController.swift in Sources */ = {isa = PBXBuildFile; fileRef = 94A6A7D32578FB49004CD50F /* RegisterViewController.swift */; };
		94A6A7D72578FB5C004CD50F /* PhotoViewerViewController.swift in Sources */ = {isa = PBXBuildFile; fileRef = 94A6A7D62578FB5C004CD50F /* PhotoViewerViewController.swift */; };
		94A6A7DA2578FB69004CD50F /* ViewdeoPlayerViewController.swift in Sources */ = {isa = PBXBuildFile; fileRef = 94A6A7D92578FB69004CD50F /* ViewdeoPlayerViewController.swift */; };
		94A6A7DD2578FB78004CD50F /* NewConverSationViewController.swift in Sources */ = {isa = PBXBuildFile; fileRef = 94A6A7DC2578FB78004CD50F /* NewConverSationViewController.swift */; };
		94A6A7E02578FB8D004CD50F /* ProfileViewController.swift in Sources */ = {isa = PBXBuildFile; fileRef = 94A6A7DF2578FB8D004CD50F /* ProfileViewController.swift */; };
		94A6A7E6257908B9004CD50F /* Extension.swift in Sources */ = {isa = PBXBuildFile; fileRef = 94A6A7E5257908B9004CD50F /* Extension.swift */; };
		94D414542594D169008763FE /* ChatViewController.swift in Sources */ = {isa = PBXBuildFile; fileRef = 94D414532594D169008763FE /* ChatViewController.swift */; };
		94E75166258F83FF00726BF7 /* DatabaseManager.swift in Sources */ = {isa = PBXBuildFile; fileRef = 94E75165258F83FE00726BF7 /* DatabaseManager.swift */; };
		94F78B942577CDDD0018F78A /* AppDelegate.swift in Sources */ = {isa = PBXBuildFile; fileRef = 94F78B932577CDDD0018F78A /* AppDelegate.swift */; };
		94F78B962577CDDD0018F78A /* SceneDelegate.swift in Sources */ = {isa = PBXBuildFile; fileRef = 94F78B952577CDDD0018F78A /* SceneDelegate.swift */; };
		94F78B982577CDDD0018F78A /* ConversationsViewController.swift in Sources */ = {isa = PBXBuildFile; fileRef = 94F78B972577CDDD0018F78A /* ConversationsViewController.swift */; };
		94F78B9B2577CDDD0018F78A /* Main.storyboard in Resources */ = {isa = PBXBuildFile; fileRef = 94F78B992577CDDD0018F78A /* Main.storyboard */; };
		94F78B9D2577CDDD0018F78A /* Assets.xcassets in Resources */ = {isa = PBXBuildFile; fileRef = 94F78B9C2577CDDD0018F78A /* Assets.xcassets */; };
		94F78BA02577CDDD0018F78A /* LaunchScreen.storyboard in Resources */ = {isa = PBXBuildFile; fileRef = 94F78B9E2577CDDD0018F78A /* LaunchScreen.storyboard */; };
		F1FBB6521D5599F427465594 /* Pods_Messenger1.framework in Frameworks */ = {isa = PBXBuildFile; fileRef = 5873ADB7B75E60A5CCE35E10 /* Pods_Messenger1.framework */; };
/* End PBXBuildFile section */

/* Begin PBXFileReference section */
		177E668E1276632522243B30 /* Pods-Messenger1.debug.xcconfig */ = {isa = PBXFileReference; includeInIndex = 1; lastKnownFileType = text.xcconfig; name = "Pods-Messenger1.debug.xcconfig"; path = "Target Support Files/Pods-Messenger1/Pods-Messenger1.debug.xcconfig"; sourceTree = "<group>"; };
		312A21957FB553DEA25A138A /* Pods-Messenger1.release.xcconfig */ = {isa = PBXFileReference; includeInIndex = 1; lastKnownFileType = text.xcconfig; name = "Pods-Messenger1.release.xcconfig"; path = "Target Support Files/Pods-Messenger1/Pods-Messenger1.release.xcconfig"; sourceTree = "<group>"; };
		5873ADB7B75E60A5CCE35E10 /* Pods_Messenger1.framework */ = {isa = PBXFileReference; explicitFileType = wrapper.framework; includeInIndex = 0; path = Pods_Messenger1.framework; sourceTree = BUILT_PRODUCTS_DIR; };
		9470D4DB258A4B89001F6B66 /* GoogleService-Info.plist */ = {isa = PBXFileReference; fileEncoding = 4; lastKnownFileType = text.plist.xml; path = "GoogleService-Info.plist"; sourceTree = "<group>"; };
		94A6A7D02578FAD4004CD50F /* LoginViewController.swift */ = {isa = PBXFileReference; lastKnownFileType = sourcecode.swift; path = LoginViewController.swift; sourceTree = "<group>"; };
		94A6A7D32578FB49004CD50F /* RegisterViewController.swift */ = {isa = PBXFileReference; lastKnownFileType = sourcecode.swift; path = RegisterViewController.swift; sourceTree = "<group>"; };
		94A6A7D62578FB5C004CD50F /* PhotoViewerViewController.swift */ = {isa = PBXFileReference; lastKnownFileType = sourcecode.swift; path = PhotoViewerViewController.swift; sourceTree = "<group>"; };
		94A6A7D92578FB69004CD50F /* ViewdeoPlayerViewController.swift */ = {isa = PBXFileReference; lastKnownFileType = sourcecode.swift; path = ViewdeoPlayerViewController.swift; sourceTree = "<group>"; };
		94A6A7DC2578FB78004CD50F /* NewConverSationViewController.swift */ = {isa = PBXFileReference; lastKnownFileType = sourcecode.swift; path = NewConverSationViewController.swift; sourceTree = "<group>"; };
		94A6A7DF2578FB8D004CD50F /* ProfileViewController.swift */ = {isa = PBXFileReference; lastKnownFileType = sourcecode.swift; path = ProfileViewController.swift; sourceTree = "<group>"; };
		94A6A7E5257908B9004CD50F /* Extension.swift */ = {isa = PBXFileReference; lastKnownFileType = sourcecode.swift; path = Extension.swift; sourceTree = "<group>"; };
		94D414532594D169008763FE /* ChatViewController.swift */ = {isa = PBXFileReference; lastKnownFileType = sourcecode.swift; path = ChatViewController.swift; sourceTree = "<group>"; };
		94E75165258F83FE00726BF7 /* DatabaseManager.swift */ = {isa = PBXFileReference; lastKnownFileType = sourcecode.swift; path = DatabaseManager.swift; sourceTree = "<group>"; };
		94F78B902577CDDD0018F78A /* Messenger1.app */ = {isa = PBXFileReference; explicitFileType = wrapper.application; includeInIndex = 0; path = Messenger1.app; sourceTree = BUILT_PRODUCTS_DIR; };
		94F78B932577CDDD0018F78A /* AppDelegate.swift */ = {isa = PBXFileReference; lastKnownFileType = sourcecode.swift; path = AppDelegate.swift; sourceTree = "<group>"; };
		94F78B952577CDDD0018F78A /* SceneDelegate.swift */ = {isa = PBXFileReference; lastKnownFileType = sourcecode.swift; path = SceneDelegate.swift; sourceTree = "<group>"; };
		94F78B972577CDDD0018F78A /* ConversationsViewController.swift */ = {isa = PBXFileReference; lastKnownFileType = sourcecode.swift; path = ConversationsViewController.swift; sourceTree = "<group>"; };
		94F78B9A2577CDDD0018F78A /* Base */ = {isa = PBXFileReference; lastKnownFileType = file.storyboard; name = Base; path = Base.lproj/Main.storyboard; sourceTree = "<group>"; };
		94F78B9C2577CDDD0018F78A /* Assets.xcassets */ = {isa = PBXFileReference; lastKnownFileType = folder.assetcatalog; path = Assets.xcassets; sourceTree = "<group>"; };
		94F78B9F2577CDDD0018F78A /* Base */ = {isa = PBXFileReference; lastKnownFileType = file.storyboard; name = Base; path = Base.lproj/LaunchScreen.storyboard; sourceTree = "<group>"; };
		94F78BA12577CDDD0018F78A /* Info.plist */ = {isa = PBXFileReference; lastKnownFileType = text.plist.xml; path = Info.plist; sourceTree = "<group>"; };
/* End PBXFileReference section */

/* Begin PBXFrameworksBuildPhase section */
		94F78B8D2577CDDD0018F78A /* Frameworks */ = {
			isa = PBXFrameworksBuildPhase;
			buildActionMask = 2147483647;
			files = (
				F1FBB6521D5599F427465594 /* Pods_Messenger1.framework in Frameworks */,
			);
			runOnlyForDeploymentPostprocessing = 0;
		};
/* End PBXFrameworksBuildPhase section */

/* Begin PBXGroup section */
		5F7B4BDF41FFD6AF281057A6 /* Frameworks */ = {
			isa = PBXGroup;
			children = (
				5873ADB7B75E60A5CCE35E10 /* Pods_Messenger1.framework */,
			);
			name = Frameworks;
			sourceTree = "<group>";
		};
		718A543762B302E48E754CDB /* Pods */ = {
			isa = PBXGroup;
			children = (
				177E668E1276632522243B30 /* Pods-Messenger1.debug.xcconfig */,
				312A21957FB553DEA25A138A /* Pods-Messenger1.release.xcconfig */,
			);
			path = Pods;
			sourceTree = "<group>";
		};
		94A6A7C92578F8AE004CD50F /* Controllers */ = {
			isa = PBXGroup;
			children = (
				94F78B972577CDDD0018F78A /* ConversationsViewController.swift */,
				94A6A7E32578FC9A004CD50F /* Login */,
				94A6A7D62578FB5C004CD50F /* PhotoViewerViewController.swift */,
				94A6A7D92578FB69004CD50F /* ViewdeoPlayerViewController.swift */,
				94A6A7DC2578FB78004CD50F /* NewConverSationViewController.swift */,
				94A6A7DF2578FB8D004CD50F /* ProfileViewController.swift */,
				94D414532594D169008763FE /* ChatViewController.swift */,
			);
			path = Controllers;
			sourceTree = "<group>";
		};
		94A6A7CA2578F8B1004CD50F /* Views */ = {
			isa = PBXGroup;
			children = (
				94A6A7CE2578F97E004CD50F /* StoryBoards */,
				94F78B9C2577CDDD0018F78A /* Assets.xcassets */,
			);
			path = Views;
			sourceTree = "<group>";
		};
		94A6A7CB2578F8D7004CD50F /* Resources */ = {
			isa = PBXGroup;
			children = (
				94F78B932577CDDD0018F78A /* AppDelegate.swift */,
				94F78B952577CDDD0018F78A /* SceneDelegate.swift */,
				94A6A7E5257908B9004CD50F /* Extension.swift */,
				94E75165258F83FE00726BF7 /* DatabaseManager.swift */,
			);
			path = Resources;
			sourceTree = "<group>";
		};
		94A6A7CC2578F8D9004CD50F /* ViewModels */ = {
			isa = PBXGroup;
			children = (
			);
			path = ViewModels;
			sourceTree = "<group>";
		};
		94A6A7CD2578F8DE004CD50F /* Models */ = {
			isa = PBXGroup;
			children = (
			);
			path = Models;
			sourceTree = "<group>";
		};
		94A6A7CE2578F97E004CD50F /* StoryBoards */ = {
			isa = PBXGroup;
			children = (
				94F78B992577CDDD0018F78A /* Main.storyboard */,
				94F78B9E2577CDDD0018F78A /* LaunchScreen.storyboard */,
			);
			path = StoryBoards;
			sourceTree = "<group>";
		};
		94A6A7E32578FC9A004CD50F /* Login */ = {
			isa = PBXGroup;
			children = (
				94A6A7D02578FAD4004CD50F /* LoginViewController.swift */,
				94A6A7D32578FB49004CD50F /* RegisterViewController.swift */,
			);
			path = Login;
			sourceTree = "<group>";
		};
		94F78B872577CDDD0018F78A = {
			isa = PBXGroup;
			children = (
				94F78B922577CDDD0018F78A /* Messenger1 */,
				94F78B912577CDDD0018F78A /* Products */,
				718A543762B302E48E754CDB /* Pods */,
				5F7B4BDF41FFD6AF281057A6 /* Frameworks */,
			);
			sourceTree = "<group>";
		};
		94F78B912577CDDD0018F78A /* Products */ = {
			isa = PBXGroup;
			children = (
				94F78B902577CDDD0018F78A /* Messenger1.app */,
			);
			name = Products;
			sourceTree = "<group>";
		};
		94F78B922577CDDD0018F78A /* Messenger1 */ = {
			isa = PBXGroup;
			children = (
				9470D4DB258A4B89001F6B66 /* GoogleService-Info.plist */,
				94A6A7CB2578F8D7004CD50F /* Resources */,
				94A6A7CC2578F8D9004CD50F /* ViewModels */,
				94A6A7CD2578F8DE004CD50F /* Models */,
				94A6A7CA2578F8B1004CD50F /* Views */,
				94A6A7C92578F8AE004CD50F /* Controllers */,
				94F78BA12577CDDD0018F78A /* Info.plist */,
			);
			path = Messenger1;
			sourceTree = "<group>";
		};
/* End PBXGroup section */

/* Begin PBXNativeTarget section */
		94F78B8F2577CDDD0018F78A /* Messenger1 */ = {
			isa = PBXNativeTarget;
			buildConfigurationList = 94F78BA42577CDDD0018F78A /* Build configuration list for PBXNativeTarget "Messenger1" */;
			buildPhases = (
				35C7A20B7D171C8EAD74C2F1 /* [CP] Check Pods Manifest.lock */,
				94F78B8C2577CDDD0018F78A /* Sources */,
				94F78B8D2577CDDD0018F78A /* Frameworks */,
				94F78B8E2577CDDD0018F78A /* Resources */,
				7D723E29177E7CF5B0218153 /* [CP] Embed Pods Frameworks */,
				B530754FA314D5891B11C7BF /* [CP] Copy Pods Resources */,
			);
			buildRules = (
			);
			dependencies = (
			);
			name = Messenger1;
			productName = Messenger1;
			productReference = 94F78B902577CDDD0018F78A /* Messenger1.app */;
			productType = "com.apple.product-type.application";
		};
/* End PBXNativeTarget section */

/* Begin PBXProject section */
		94F78B882577CDDD0018F78A /* Project object */ = {
			isa = PBXProject;
			attributes = {
				LastSwiftUpdateCheck = 1210;
				LastUpgradeCheck = 1210;
				TargetAttributes = {
					94F78B8F2577CDDD0018F78A = {
						CreatedOnToolsVersion = 12.1;
					};
				};
			};
			buildConfigurationList = 94F78B8B2577CDDD0018F78A /* Build configuration list for PBXProject "Messenger1" */;
			compatibilityVersion = "Xcode 9.3";
			developmentRegion = en;
			hasScannedForEncodings = 0;
			knownRegions = (
				en,
				Base,
			);
			mainGroup = 94F78B872577CDDD0018F78A;
			productRefGroup = 94F78B912577CDDD0018F78A /* Products */;
			projectDirPath = "";
			projectRoot = "";
			targets = (
				94F78B8F2577CDDD0018F78A /* Messenger1 */,
			);
		};
/* End PBXProject section */

/* Begin PBXResourcesBuildPhase section */
		94F78B8E2577CDDD0018F78A /* Resources */ = {
			isa = PBXResourcesBuildPhase;
			buildActionMask = 2147483647;
			files = (
				94F78BA02577CDDD0018F78A /* LaunchScreen.storyboard in Resources */,
				9470D4DC258A4B89001F6B66 /* GoogleService-Info.plist in Resources */,
				94F78B9D2577CDDD0018F78A /* Assets.xcassets in Resources */,
				94F78B9B2577CDDD0018F78A /* Main.storyboard in Resources */,
			);
			runOnlyForDeploymentPostprocessing = 0;
		};
/* End PBXResourcesBuildPhase section */

/* Begin PBXShellScriptBuildPhase section */
		35C7A20B7D171C8EAD74C2F1 /* [CP] Check Pods Manifest.lock */ = {
			isa = PBXShellScriptBuildPhase;
			buildActionMask = 2147483647;
			files = (
			);
			inputFileListPaths = (
			);
			inputPaths = (
				"${PODS_PODFILE_DIR_PATH}/Podfile.lock",
				"${PODS_ROOT}/Manifest.lock",
			);
			name = "[CP] Check Pods Manifest.lock";
			outputFileListPaths = (
			);
			outputPaths = (
				"$(DERIVED_FILE_DIR)/Pods-Messenger1-checkManifestLockResult.txt",
			);
			runOnlyForDeploymentPostprocessing = 0;
			shellPath = /bin/sh;
			shellScript = "diff \"${PODS_PODFILE_DIR_PATH}/Podfile.lock\" \"${PODS_ROOT}/Manifest.lock\" > /dev/null\nif [ $? != 0 ] ; then\n    # print error to STDERR\n    echo \"error: The sandbox is not in sync with the Podfile.lock. Run 'pod install' or update your CocoaPods installation.\" >&2\n    exit 1\nfi\n# This output is used by Xcode 'outputs' to avoid re-running this script phase.\necho \"SUCCESS\" > \"${SCRIPT_OUTPUT_FILE_0}\"\n";
			showEnvVarsInLog = 0;
		};
		7D723E29177E7CF5B0218153 /* [CP] Embed Pods Frameworks */ = {
			isa = PBXShellScriptBuildPhase;
			buildActionMask = 2147483647;
			files = (
			);
			inputFileListPaths = (
				"${PODS_ROOT}/Target Support Files/Pods-Messenger1/Pods-Messenger1-frameworks-${CONFIGURATION}-input-files.xcfilelist",
			);
			name = "[CP] Embed Pods Frameworks";
			outputFileListPaths = (
				"${PODS_ROOT}/Target Support Files/Pods-Messenger1/Pods-Messenger1-frameworks-${CONFIGURATION}-output-files.xcfilelist",
			);
			runOnlyForDeploymentPostprocessing = 0;
			shellPath = /bin/sh;
			shellScript = "\"${PODS_ROOT}/Target Support Files/Pods-Messenger1/Pods-Messenger1-frameworks.sh\"\n";
			showEnvVarsInLog = 0;
		};
		B530754FA314D5891B11C7BF /* [CP] Copy Pods Resources */ = {
			isa = PBXShellScriptBuildPhase;
			buildActionMask = 2147483647;
			files = (
			);
			inputFileListPaths = (
				"${PODS_ROOT}/Target Support Files/Pods-Messenger1/Pods-Messenger1-resources-${CONFIGURATION}-input-files.xcfilelist",
			);
			name = "[CP] Copy Pods Resources";
			outputFileListPaths = (
				"${PODS_ROOT}/Target Support Files/Pods-Messenger1/Pods-Messenger1-resources-${CONFIGURATION}-output-files.xcfilelist",
			);
			runOnlyForDeploymentPostprocessing = 0;
			shellPath = /bin/sh;
			shellScript = "\"${PODS_ROOT}/Target Support Files/Pods-Messenger1/Pods-Messenger1-resources.sh\"\n";
			showEnvVarsInLog = 0;
		};
/* End PBXShellScriptBuildPhase section */

/* Begin PBXSourcesBuildPhase section */
		94F78B8C2577CDDD0018F78A /* Sources */ = {
			isa = PBXSourcesBuildPhase;
			buildActionMask = 2147483647;
			files = (
				94A6A7D12578FAD4004CD50F /* LoginViewController.swift in Sources */,
				94E75166258F83FF00726BF7 /* DatabaseManager.swift in Sources */,
				94A6A7D42578FB49004CD50F /* RegisterViewController.swift in Sources */,
				94A6A7DD2578FB78004CD50F /* NewConverSationViewController.swift in Sources */,
				94F78B982577CDDD0018F78A /* ConversationsViewController.swift in Sources */,
				94F78B942577CDDD0018F78A /* AppDelegate.swift in Sources */,
				94A6A7E6257908B9004CD50F /* Extension.swift in Sources */,
				94F78B962577CDDD0018F78A /* SceneDelegate.swift in Sources */,
				94A6A7E02578FB8D004CD50F /* ProfileViewController.swift in Sources */,
				94A6A7D72578FB5C004CD50F /* PhotoViewerViewController.swift in Sources */,
				94D414542594D169008763FE /* ChatViewController.swift in Sources */,
				94A6A7DA2578FB69004CD50F /* ViewdeoPlayerViewController.swift in Sources */,
			);
			runOnlyForDeploymentPostprocessing = 0;
		};
/* End PBXSourcesBuildPhase section */

/* Begin PBXVariantGroup section */
		94F78B992577CDDD0018F78A /* Main.storyboard */ = {
			isa = PBXVariantGroup;
			children = (
				94F78B9A2577CDDD0018F78A /* Base */,
			);
			name = Main.storyboard;
			sourceTree = "<group>";
		};
		94F78B9E2577CDDD0018F78A /* LaunchScreen.storyboard */ = {
			isa = PBXVariantGroup;
			children = (
				94F78B9F2577CDDD0018F78A /* Base */,
			);
			name = LaunchScreen.storyboard;
			sourceTree = "<group>";
		};
/* End PBXVariantGroup section */

/* Begin XCBuildConfiguration section */
		94F78BA22577CDDD0018F78A /* Debug */ = {
			isa = XCBuildConfiguration;
			buildSettings = {
				ALWAYS_SEARCH_USER_PATHS = NO;
				CLANG_ANALYZER_NONNULL = YES;
				CLANG_ANALYZER_NUMBER_OBJECT_CONVERSION = YES_AGGRESSIVE;
				CLANG_CXX_LANGUAGE_STANDARD = "gnu++14";
				CLANG_CXX_LIBRARY = "libc++";
				CLANG_ENABLE_MODULES = YES;
				CLANG_ENABLE_OBJC_ARC = YES;
				CLANG_ENABLE_OBJC_WEAK = YES;
				CLANG_WARN_BLOCK_CAPTURE_AUTORELEASING = YES;
				CLANG_WARN_BOOL_CONVERSION = YES;
				CLANG_WARN_COMMA = YES;
				CLANG_WARN_CONSTANT_CONVERSION = YES;
				CLANG_WARN_DEPRECATED_OBJC_IMPLEMENTATIONS = YES;
				CLANG_WARN_DIRECT_OBJC_ISA_USAGE = YES_ERROR;
				CLANG_WARN_DOCUMENTATION_COMMENTS = YES;
				CLANG_WARN_EMPTY_BODY = YES;
				CLANG_WARN_ENUM_CONVERSION = YES;
				CLANG_WARN_INFINITE_RECURSION = YES;
				CLANG_WARN_INT_CONVERSION = YES;
				CLANG_WARN_NON_LITERAL_NULL_CONVERSION = YES;
				CLANG_WARN_OBJC_IMPLICIT_RETAIN_SELF = YES;
				CLANG_WARN_OBJC_LITERAL_CONVERSION = YES;
				CLANG_WARN_OBJC_ROOT_CLASS = YES_ERROR;
				CLANG_WARN_QUOTED_INCLUDE_IN_FRAMEWORK_HEADER = YES;
				CLANG_WARN_RANGE_LOOP_ANALYSIS = YES;
				CLANG_WARN_STRICT_PROTOTYPES = YES;
				CLANG_WARN_SUSPICIOUS_MOVE = YES;
				CLANG_WARN_UNGUARDED_AVAILABILITY = YES_AGGRESSIVE;
				CLANG_WARN_UNREACHABLE_CODE = YES;
				CLANG_WARN__DUPLICATE_METHOD_MATCH = YES;
				COPY_PHASE_STRIP = NO;
				DEBUG_INFORMATION_FORMAT = dwarf;
				ENABLE_STRICT_OBJC_MSGSEND = YES;
				ENABLE_TESTABILITY = YES;
				GCC_C_LANGUAGE_STANDARD = gnu11;
				GCC_DYNAMIC_NO_PIC = NO;
				GCC_NO_COMMON_BLOCKS = YES;
				GCC_OPTIMIZATION_LEVEL = 0;
				GCC_PREPROCESSOR_DEFINITIONS = (
					"DEBUG=1",
					"$(inherited)",
				);
				GCC_WARN_64_TO_32_BIT_CONVERSION = YES;
				GCC_WARN_ABOUT_RETURN_TYPE = YES_ERROR;
				GCC_WARN_UNDECLARED_SELECTOR = YES;
				GCC_WARN_UNINITIALIZED_AUTOS = YES_AGGRESSIVE;
				GCC_WARN_UNUSED_FUNCTION = YES;
				GCC_WARN_UNUSED_VARIABLE = YES;
				IPHONEOS_DEPLOYMENT_TARGET = 14.1;
				MTL_ENABLE_DEBUG_INFO = INCLUDE_SOURCE;
				MTL_FAST_MATH = YES;
				ONLY_ACTIVE_ARCH = YES;
				SDKROOT = iphoneos;
				SWIFT_ACTIVE_COMPILATION_CONDITIONS = DEBUG;
				SWIFT_OPTIMIZATION_LEVEL = "-Onone";
			};
			name = Debug;
		};
		94F78BA32577CDDD0018F78A /* Release */ = {
			isa = XCBuildConfiguration;
			buildSettings = {
				ALWAYS_SEARCH_USER_PATHS = NO;
				CLANG_ANALYZER_NONNULL = YES;
				CLANG_ANALYZER_NUMBER_OBJECT_CONVERSION = YES_AGGRESSIVE;
				CLANG_CXX_LANGUAGE_STANDARD = "gnu++14";
				CLANG_CXX_LIBRARY = "libc++";
				CLANG_ENABLE_MODULES = YES;
				CLANG_ENABLE_OBJC_ARC = YES;
				CLANG_ENABLE_OBJC_WEAK = YES;
				CLANG_WARN_BLOCK_CAPTURE_AUTORELEASING = YES;
				CLANG_WARN_BOOL_CONVERSION = YES;
				CLANG_WARN_COMMA = YES;
				CLANG_WARN_CONSTANT_CONVERSION = YES;
				CLANG_WARN_DEPRECATED_OBJC_IMPLEMENTATIONS = YES;
				CLANG_WARN_DIRECT_OBJC_ISA_USAGE = YES_ERROR;
				CLANG_WARN_DOCUMENTATION_COMMENTS = YES;
				CLANG_WARN_EMPTY_BODY = YES;
				CLANG_WARN_ENUM_CONVERSION = YES;
				CLANG_WARN_INFINITE_RECURSION = YES;
				CLANG_WARN_INT_CONVERSION = YES;
				CLANG_WARN_NON_LITERAL_NULL_CONVERSION = YES;
				CLANG_WARN_OBJC_IMPLICIT_RETAIN_SELF = YES;
				CLANG_WARN_OBJC_LITERAL_CONVERSION = YES;
				CLANG_WARN_OBJC_ROOT_CLASS = YES_ERROR;
				CLANG_WARN_QUOTED_INCLUDE_IN_FRAMEWORK_HEADER = YES;
				CLANG_WARN_RANGE_LOOP_ANALYSIS = YES;
				CLANG_WARN_STRICT_PROTOTYPES = YES;
				CLANG_WARN_SUSPICIOUS_MOVE = YES;
				CLANG_WARN_UNGUARDED_AVAILABILITY = YES_AGGRESSIVE;
				CLANG_WARN_UNREACHABLE_CODE = YES;
				CLANG_WARN__DUPLICATE_METHOD_MATCH = YES;
				COPY_PHASE_STRIP = NO;
				DEBUG_INFORMATION_FORMAT = "dwarf-with-dsym";
				ENABLE_NS_ASSERTIONS = NO;
				ENABLE_STRICT_OBJC_MSGSEND = YES;
				GCC_C_LANGUAGE_STANDARD = gnu11;
				GCC_NO_COMMON_BLOCKS = YES;
				GCC_WARN_64_TO_32_BIT_CONVERSION = YES;
				GCC_WARN_ABOUT_RETURN_TYPE = YES_ERROR;
				GCC_WARN_UNDECLARED_SELECTOR = YES;
				GCC_WARN_UNINITIALIZED_AUTOS = YES_AGGRESSIVE;
				GCC_WARN_UNUSED_FUNCTION = YES;
				GCC_WARN_UNUSED_VARIABLE = YES;
				IPHONEOS_DEPLOYMENT_TARGET = 14.1;
				MTL_ENABLE_DEBUG_INFO = NO;
				MTL_FAST_MATH = YES;
				SDKROOT = iphoneos;
				SWIFT_COMPILATION_MODE = wholemodule;
				SWIFT_OPTIMIZATION_LEVEL = "-O";
				VALIDATE_PRODUCT = YES;
			};
			name = Release;
		};
		94F78BA52577CDDD0018F78A /* Debug */ = {
			isa = XCBuildConfiguration;
			baseConfigurationReference = 177E668E1276632522243B30 /* Pods-Messenger1.debug.xcconfig */;
			buildSettings = {
				ASSETCATALOG_COMPILER_APPICON_NAME = AppIcon;
				ASSETCATALOG_COMPILER_GLOBAL_ACCENT_COLOR_NAME = AccentColor;
				CODE_SIGN_STYLE = Automatic;
				DEVELOPMENT_TEAM = TUKD5UXC58;
				INFOPLIST_FILE = Messenger1/Info.plist;
				IPHONEOS_DEPLOYMENT_TARGET = 13.2;
				LD_RUNPATH_SEARCH_PATHS = (
					"$(inherited)",
					"@executable_path/Frameworks",
				);
				PRODUCT_BUNDLE_IDENTIFIER = "sang-truong.Messenger1";
				PRODUCT_NAME = "$(TARGET_NAME)";
				SWIFT_VERSION = 5.0;
				TARGETED_DEVICE_FAMILY = "1,2";
			};
			name = Debug;
		};
		94F78BA62577CDDD0018F78A /* Release */ = {
			isa = XCBuildConfiguration;
			baseConfigurationReference = 312A21957FB553DEA25A138A /* Pods-Messenger1.release.xcconfig */;
			buildSettings = {
				ASSETCATALOG_COMPILER_APPICON_NAME = AppIcon;
				ASSETCATALOG_COMPILER_GLOBAL_ACCENT_COLOR_NAME = AccentColor;
				CODE_SIGN_STYLE = Automatic;
				DEVELOPMENT_TEAM = TUKD5UXC58;
				INFOPLIST_FILE = Messenger1/Info.plist;
				IPHONEOS_DEPLOYMENT_TARGET = 13.2;
				LD_RUNPATH_SEARCH_PATHS = (
					"$(inherited)",
					"@executable_path/Frameworks",
				);
				PRODUCT_BUNDLE_IDENTIFIER = "sang-truong.Messenger1";
				PRODUCT_NAME = "$(TARGET_NAME)";
				SWIFT_VERSION = 5.0;
				TARGETED_DEVICE_FAMILY = "1,2";
			};
			name = Release;
		};
/* End XCBuildConfiguration section */

/* Begin XCConfigurationList section */
		94F78B8B2577CDDD0018F78A /* Build configuration list for PBXProject "Messenger1" */ = {
			isa = XCConfigurationList;
			buildConfigurations = (
				94F78BA22577CDDD0018F78A /* Debug */,
				94F78BA32577CDDD0018F78A /* Release */,
			);
			defaultConfigurationIsVisible = 0;
			defaultConfigurationName = Release;
		};
		94F78BA42577CDDD0018F78A /* Build configuration list for PBXNativeTarget "Messenger1" */ = {
			isa = XCConfigurationList;
			buildConfigurations = (
				94F78BA52577CDDD0018F78A /* Debug */,
				94F78BA62577CDDD0018F78A /* Release */,
			);
			defaultConfigurationIsVisible = 0;
			defaultConfigurationName = Release;
		};
/* End XCConfigurationList section */
	};
	rootObject = 94F78B882577CDDD0018F78A /* Project object */;
}
